
Microsoft Visual Studio Solution File, Format Version 12.00
# Visual Studio Version 16
VisualStudioVersion = 16.0.30503.244
MinimumVisualStudioVersion = 10.0.40219.1
Project("{FAE04EC0-301F-11D3-BF4B-00C04F79EFBC}") = "StockApp", "StockApp.csproj", "{BE6A5ACE-EC17-47A0-ABB0-998F3D2AFF6C}"
EndProject
Global
	GlobalSection(SolutionConfigurationPlatforms) = preSolution
		Debug|Any CPU = Debug|Any CPU
		Release|Any CPU = Release|Any CPU
	EndGlobalSection
	GlobalSection(ProjectConfigurationPlatforms) = postSolution
		{BE6A5ACE-EC17-47A0-ABB0-998F3D2AFF6C}.Debug|Any CPU.ActiveCfg = Debug|Any CPU
		{BE6A5ACE-EC17-47A0-ABB0-998F3D2AFF6C}.Debug|Any CPU.Build.0 = Debug|Any CPU
		{BE6A5ACE-EC17-47A0-ABB0-998F3D2AFF6C}.Release|Any CPU.ActiveCfg = Release|Any CPU
		{BE6A5ACE-EC17-47A0-ABB0-998F3D2AFF6C}.Release|Any CPU.Build.0 = Release|Any CPU
	EndGlobalSection
	GlobalSection(SolutionProperties) = preSolution
		HideSolutionNode = FALSE
	EndGlobalSection
	GlobalSection(ExtensibilityGlobals) = postSolution
		SolutionGuid = {65131728-E2DE-4872-AA04-13C3F64D550E}
	EndGlobalSection
EndGlobal
